
Microsoft Visual Studio Solution File, Format Version 12.00
# Visual Studio Version 17
VisualStudioVersion = 17.6.33723.286
MinimumVisualStudioVersion = 10.0.40219.1
Project("{FAE04EC0-301F-11D3-BF4B-00C04F79EFBC}") = "DrumLog", "DrumLog\DrumLog.csproj", "{6AE1CB2A-67CC-4A68-8E5C-793D8A98EC99}"
EndProject
Global
	GlobalSection(SolutionConfigurationPlatforms) = preSolution
		Debug|Any CPU = Debug|Any CPU
		Release|Any CPU = Release|Any CPU
	EndGlobalSection
	GlobalSection(ProjectConfigurationPlatforms) = postSolution
		{6AE1CB2A-67CC-4A68-8E5C-793D8A98EC99}.Debug|Any CPU.ActiveCfg = Debug|Any CPU
		{6AE1CB2A-67CC-4A68-8E5C-793D8A98EC99}.Debug|Any CPU.Build.0 = Debug|Any CPU
		{6AE1CB2A-67CC-4A68-8E5C-793D8A98EC99}.Release|Any CPU.ActiveCfg = Release|Any CPU
		{6AE1CB2A-67CC-4A68-8E5C-793D8A98EC99}.Release|Any CPU.Build.0 = Release|Any CPU
	EndGlobalSection
	GlobalSection(SolutionProperties) = preSolution
		HideSolutionNode = FALSE
	EndGlobalSection
	GlobalSection(ExtensibilityGlobals) = postSolution
		SolutionGuid = {7E18B730-84A8-435A-B110-F1C3E1C78C9A}
	EndGlobalSection
EndGlobal
